PODS:
  - "AnalyticsSwiftCIO (1.7.3+cio.1)":
    - JSONSafeEncoding (= 2.0.0)
    - Sovran (= 1.1.2)
  - customer_io (3.0.1):
    - customer_io/nopush (= 3.0.1)
    - CustomerIO/DataPipelines (= 4.0.0)
    - CustomerIO/MessagingInApp (= 4.0.0)
    - Flutter
  - customer_io/nopush (3.0.1):
    - CustomerIO/DataPipelines (= 4.0.0)
    - CustomerIO/MessagingInApp (= 4.0.0)
    - CustomerIO/MessagingPush (= 4.0.0)
    - Flutter
  - CustomerIO/DataPipelines (4.0.0):
    - CustomerIODataPipelines (= 4.0.0)
  - CustomerIO/MessagingInApp (4.0.0):
    - CustomerIOMessagingInApp (= 4.0.0)
  - CustomerIO/MessagingPush (4.0.0):
    - CustomerIOMessagingPush (= 4.0.0)
  - CustomerIOCommon (4.0.0)
  - CustomerIODataPipelines (4.0.0):
    - "AnalyticsSwiftCIO (= 1.7.3+cio.1)"
    - CustomerIOCommon (= 4.0.0)
    - CustomerIOTrackingMigration (= 4.0.0)
  - CustomerIOMessagingInApp (4.0.0):
    - CustomerIOCommon (= 4.0.0)
  - CustomerIOMessagingPush (4.0.0):
    - CustomerIOCommon (= 4.0.0)
  - CustomerIOTrackingMigration (4.0.0):
    - CustomerIOCommon (= 4.0.0)
  - device_info_plus (0.0.1):
    - Flutter
  - Flutter (1.0.0)
  - JSONSafeEncoding (2.0.0)
  - open_cdp_flutter_sdk (0.0.2):
    - Flutter
  - package_info_plus (0.4.5):
    - Flutter
  - shared_preferences_foundation (0.0.1):
    - Flutter
    - FlutterMacOS
  - Sovran (1.1.2)

DEPENDENCIES:
  - customer_io (from `.symlinks/plugins/customer_io/ios`)
  - device_info_plus (from `.symlinks/plugins/device_info_plus/ios`)
  - Flutter (from `Flutter`)
  - open_cdp_flutter_sdk (from `.symlinks/plugins/open_cdp_flutter_sdk/ios`)
  - package_info_plus (from `.symlinks/plugins/package_info_plus/ios`)
  - shared_preferences_foundation (from `.symlinks/plugins/shared_preferences_foundation/darwin`)

SPEC REPOS:
  trunk:
    - AnalyticsSwiftCIO
    - CustomerIO
    - CustomerIOCommon
    - CustomerIODataPipelines
    - CustomerIOMessagingInApp
    - CustomerIOMessagingPush
    - CustomerIOTrackingMigration
    - JSONSafeEncoding
    - Sovran

EXTERNAL SOURCES:
  customer_io:
    :path: ".symlinks/plugins/customer_io/ios"
  device_info_plus:
    :path: ".symlinks/plugins/device_info_plus/ios"
  Flutter:
    :path: Flutter
  open_cdp_flutter_sdk:
    :path: ".symlinks/plugins/open_cdp_flutter_sdk/ios"
  package_info_plus:
    :path: ".symlinks/plugins/package_info_plus/ios"
  shared_preferences_foundation:
    :path: ".symlinks/plugins/shared_preferences_foundation/darwin"

SPEC CHECKSUMS:
  AnalyticsSwiftCIO: cbded90bbfe53072cb1fa1bc091d249e99ef7c56
  customer_io: 89700e2e1bb1c766f9b4c790101aa69aee9d6aa3
  CustomerIO: a39c21c31fd93e19b7348bbac60a1916951d5c1f
  CustomerIOCommon: a5084ba7733b6d2ee2d0c9218679cd82e04e143d
  CustomerIODataPipelines: ce85ff106a997079d19e5d69bfe87e62a3e67a18
  CustomerIOMessagingInApp: d9f9cd8a066f4a6b956a4f4970e6ca0a50f50a65
  CustomerIOMessagingPush: bab17dc62eb77f9a6b8d93c842a92b04cf2e1e46
  CustomerIOTrackingMigration: b0c63d68744a1d46a96b1f7a09ad640c04e253ff
  device_info_plus: bf2e3232933866d73fe290f2942f2156cdd10342
  Flutter: cabc95a1d2626b1b06e7179b784ebcf0c0cde467
  JSONSafeEncoding: 54722ebc4fe1482e3e60a8450e1287481e32dd8b
  open_cdp_flutter_sdk: 44881b0513c75ac69a25a52af6834d4e4fa5fb76
  package_info_plus: c0502532a26c7662a62a356cebe2692ec5fe4ec4
  shared_preferences_foundation: 5086985c1d43c5ba4d5e69a4e8083a389e2909e6
  Sovran: 117d186f9e9cd47a231ee48dace5cd064a4b8ec8

PODFILE CHECKSUM: 3c63482e143d1b91d2d2560aee9fb04ecc74ac7e

COCOAPODS: 1.16.2
